PODS:
  - Flutter (1.0.0)
  - flutter_youtube (0.0.1):
    - Flutter
    - XCDYouTubeKit
  - XCDYouTubeKit (2.15.2)

DEPENDENCIES:
  - Flutter (from `Flutter`)
  - flutter_youtube (from `.symlinks/plugins/flutter_youtube/ios`)
  - XCDYouTubeKit (from `https://github.com/kyrayagami/XCDYouTubeKit.git`, branch `master`)

EXTERNAL SOURCES:
  Flutter:
    :path: Flutter
  flutter_youtube:
    :path: ".symlinks/plugins/flutter_youtube/ios"
  XCDYouTubeKit:
    :branch: master
    :git: https://github.com/kyrayagami/XCDYouTubeKit.git

CHECKOUT OPTIONS:
  XCDYouTubeKit:
    :commit: 5e9238993433c9f1255e2f6a8be4fec8bcd468d6
    :git: https://github.com/kyrayagami/XCDYouTubeKit.git

SPEC CHECKSUMS:
  Flutter: 0e3d915762c693b495b44d77113d4970485de6ec
  flutter_youtube: 81e6db458fd1d75914148b9f796460207596f27e
  XCDYouTubeKit: b120aced3d8638ffb570c5450cddb5a1dac448c7

PODFILE CHECKSUM: 6dc1813071daff3f90b1e12700b920b8e41c5ef4

COCOAPODS: 1.10.1
